// !$*UTF8*$!
{ archiveVersion = 1; classes = {}; objectVersion = 56; objects = {
6183FC8A6F08C3142CA12345 = { isa = PBXFileReference; lastKnownFileType = sourcecode.swift; path = main.swift; sourceTree = "<group>"; };
FD521B77C40F6FE4A1D1BEDF = { isa = PBXBuildFile; fileRef = 6183FC8A6F08C3142CA12345; };
4AE4A885EF26CC9F4DA548B8 = { isa = PBXFileReference; lastKnownFileType = sourcecode.swift; path = AppModel.swift; sourceTree = "<group>"; };
E6F2F9B0CBA73658AF75554B = { isa = PBXBuildFile; fileRef = 4AE4A885EF26CC9F4DA548B8; };
2E85379EDC5C1A55369AF0BD = { isa = PBXFileReference; lastKnownFileType = sourcecode.swift; path = ControlsView.swift; sourceTree = "<group>"; };
322362184CB2F3777265EC5D = { isa = PBXBuildFile; fileRef = 2E85379EDC5C1A55369AF0BD; };
3BC85D9F363AE8631D1C8521 = { isa = PBXFileReference; lastKnownFileType = sourcecode.swift; path = PetWindow.swift; sourceTree = "<group>"; };
A456E756829E0029444ADBF3 = { isa = PBXBuildFile; fileRef = 3BC85D9F363AE8631D1C8521; };
3685E330EC5277A9DD5661C6 = { isa = PBXFileReference; lastKnownFileType = folder; path = Resources/PetAssets; sourceTree = "<group>"; };
716E9590E60B3AFA6E62BF18 = { isa = PBXBuildFile; fileRef = 3685E330EC5277A9DD5661C6; };
EEC3B038BD8D1458BD414F84 = { isa = PBXFileReference; lastKnownFileType = text; path = ATTRIBUTION.md; sourceTree = "<group>"; };
981B70459AABEB0893A397BF = { isa = PBXBuildFile; fileRef = EEC3B038BD8D1458BD414F84; };
8DE9F9D7D57206342AE10BAE = { isa = PBXFileReference; lastKnownFileType = text; name = LICENSE; path = ../LICENSE; sourceTree = "<group>"; };
D12C4DE17E0975665E0C7F79 = { isa = PBXBuildFile; fileRef = 8DE9F9D7D57206342AE10BAE; };
643BBF74F6FB478F11256B57 = { isa = PBXFileReference; lastKnownFileType = text; path = ANIMATION_LICENSE.md; sourceTree = "<group>"; };
70997947FA1DC31962E2951F = { isa = PBXBuildFile; fileRef = 643BBF74F6FB478F11256B57; };
38A007151ABE87CC01A5B6E9 = { isa = PBXFileReference; explicitFileType = wrapper.application; path = VPetApple.app; sourceTree = BUILT_PRODUCTS_DIR; };
8309DD304D804F9D7F6302F5 = { isa = PBXGroup; children = (6183FC8A6F08C3142CA12345, 4AE4A885EF26CC9F4DA548B8, 2E85379EDC5C1A55369AF0BD, 3BC85D9F363AE8631D1C8521,); path = Sources/VPetMac; sourceTree = "<group>"; };
615B463D1028E4E24B674CF7 = { isa = PBXGroup; children = (38A007151ABE87CC01A5B6E9,); name = Products; sourceTree = "<group>"; };
870B3294C0CBD48AF6BBCC1B = { isa = PBXGroup; children = (8309DD304D804F9D7F6302F5, 3685E330EC5277A9DD5661C6, EEC3B038BD8D1458BD414F84, 8DE9F9D7D57206342AE10BAE, 643BBF74F6FB478F11256B57, 615B463D1028E4E24B674CF7,); sourceTree = "<group>"; };
582681C2EAE02B3F3D399C0C = { isa = XCLocalSwiftPackageReference; relativePath = .; };
4ADCB7E2FB3B462CC3CC51F3 = { isa = XCSwiftPackageProductDependency; productName = PetCore; };
CE1C0B5A5FE353706DA1A1E5 = { isa = PBXBuildFile; productRef = 4ADCB7E2FB3B462CC3CC51F3; };
7DDDCFC8AF1B145543327574 = { isa = XCSwiftPackageProductDependency; productName = PetRendering; };
437568792353D340C706E2F0 = { isa = PBXBuildFile; productRef = 7DDDCFC8AF1B145543327574; };
BCE16DD0260827ECF338C787 = { isa = PBXSourcesBuildPhase; buildActionMask = 2147483647; files = (FD521B77C40F6FE4A1D1BEDF, E6F2F9B0CBA73658AF75554B, 322362184CB2F3777265EC5D, A456E756829E0029444ADBF3,); runOnlyForDeploymentPostprocessing = 0; };
7561BFB015D8F536760CB671 = { isa = PBXFrameworksBuildPhase; buildActionMask = 2147483647; files = (CE1C0B5A5FE353706DA1A1E5, 437568792353D340C706E2F0,); runOnlyForDeploymentPostprocessing = 0; };
0189424A5A60FED329FA868E = { isa = PBXResourcesBuildPhase; buildActionMask = 2147483647; files = (716E9590E60B3AFA6E62BF18, 981B70459AABEB0893A397BF, D12C4DE17E0975665E0C7F79, 70997947FA1DC31962E2951F,); runOnlyForDeploymentPostprocessing = 0; };
20A70AAF7E25FAABEB80D477 = { isa = PBXShellScriptBuildPhase; alwaysOutOfDate = 1; buildActionMask = 2147483647; files = (); inputPaths = (); outputPaths = (); name = "Convert built-in assets"; runOnlyForDeploymentPostprocessing = 0; shellPath = /bin/sh; shellScript = "set -eu\n/usr/bin/python3 \"$SRCROOT/scripts/convert_assets.py\"\n"; };
ED8772ADEC3A6C25161BC957 = { isa = XCBuildConfiguration; name = Debug; buildSettings = { CLANG_ENABLE_MODULES = YES; SWIFT_VERSION = 6.0; MACOSX_DEPLOYMENT_TARGET = 14.0; SDKROOT = macosx; }; };
4D8F54E7CBAF670D9F6C230D = { isa = XCBuildConfiguration; name = Debug; buildSettings = {
        PRODUCT_NAME = VPetApple; PRODUCT_BUNDLE_IDENTIFIER = org.xufilps.VPetApple;
        GENERATE_INFOPLIST_FILE = YES; INFOPLIST_KEY_LSUIElement = YES;
        INFOPLIST_KEY_CFBundleDisplayName = "VPet Apple";
        MARKETING_VERSION = 0.1.0; CURRENT_PROJECT_VERSION = 1;
        SWIFT_VERSION = 6.0; MACOSX_DEPLOYMENT_TARGET = 14.0;
        CODE_SIGN_STYLE = Automatic; ENABLE_APP_SANDBOX = NO; ENABLE_USER_SCRIPT_SANDBOXING = NO;
        SWIFT_OPTIMIZATION_LEVEL = -Onone;
        LD_RUNPATH_SEARCH_PATHS = "$(inherited) @executable_path/../Frameworks";
    }; };
00F209874A1F7309F6DCEAA7 = { isa = XCBuildConfiguration; name = Release; buildSettings = { CLANG_ENABLE_MODULES = YES; SWIFT_VERSION = 6.0; MACOSX_DEPLOYMENT_TARGET = 14.0; SDKROOT = macosx; }; };
1A6EFC2CD0AF63DD14BE0438 = { isa = XCBuildConfiguration; name = Release; buildSettings = {
        PRODUCT_NAME = VPetApple; PRODUCT_BUNDLE_IDENTIFIER = org.xufilps.VPetApple;
        GENERATE_INFOPLIST_FILE = YES; INFOPLIST_KEY_LSUIElement = YES;
        INFOPLIST_KEY_CFBundleDisplayName = "VPet Apple";
        MARKETING_VERSION = 0.1.0; CURRENT_PROJECT_VERSION = 1;
        SWIFT_VERSION = 6.0; MACOSX_DEPLOYMENT_TARGET = 14.0;
        CODE_SIGN_STYLE = Automatic; ENABLE_APP_SANDBOX = NO; ENABLE_USER_SCRIPT_SANDBOXING = NO;
        SWIFT_OPTIMIZATION_LEVEL = -O;
        LD_RUNPATH_SEARCH_PATHS = "$(inherited) @executable_path/../Frameworks";
    }; };
640DC9EFD529235A8D9E2727 = { isa = XCConfigurationList; buildConfigurations = (ED8772ADEC3A6C25161BC957, 00F209874A1F7309F6DCEAA7,); defaultConfigurationIsVisible = 0; defaultConfigurationName = Release; };
976B52545947CA66FD9EF2A4 = { isa = XCConfigurationList; buildConfigurations = (4D8F54E7CBAF670D9F6C230D, 1A6EFC2CD0AF63DD14BE0438,); defaultConfigurationIsVisible = 0; defaultConfigurationName = Release; };
0E8A3AD980EC179856012B7E = { isa = PBXNativeTarget; buildConfigurationList = 976B52545947CA66FD9EF2A4; buildPhases = (20A70AAF7E25FAABEB80D477, BCE16DD0260827ECF338C787, 7561BFB015D8F536760CB671, 0189424A5A60FED329FA868E,); buildRules = (); dependencies = (); name = VPetApple; packageProductDependencies = (4ADCB7E2FB3B462CC3CC51F3, 7DDDCFC8AF1B145543327574,); productName = VPetApple; productReference = 38A007151ABE87CC01A5B6E9; productType = "com.apple.product-type.application"; };
98F54143AB4E86B28C3AFEE0 = { isa = PBXProject; attributes = { LastUpgradeCheck = 1600; }; buildConfigurationList = 640DC9EFD529235A8D9E2727; compatibilityVersion = "Xcode 14.0"; developmentRegion = "zh-Hans"; hasScannedForEncodings = 0; knownRegions = ("zh-Hans", en, Base,); mainGroup = 870B3294C0CBD48AF6BBCC1B; packageReferences = (582681C2EAE02B3F3D399C0C,); productRefGroup = 615B463D1028E4E24B674CF7; projectDirPath = ""; projectRoot = ""; targets = (0E8A3AD980EC179856012B7E,); };
}; rootObject = 98F54143AB4E86B28C3AFEE0; }
